
Microsoft Visual Studio Solution File, Format Version 12.00
# Visual Studio 15
VisualStudioVersion = 15.0.28307.1145
MinimumVisualStudioVersion = 10.0.40219.1
Project("{FAE04EC0-301F-11D3-BF4B-00C04F79EFBC}") = "bridge", "bridge\bridge.csproj", "{7DC768C8-B0C1-4CC6-B87E-44ABD7ADA09E}"
EndProject
Global
	GlobalSection(SolutionConfigurationPlatforms) = preSolution
		Debug|Any CPU = Debug|Any CPU
		Release|Any CPU = Release|Any CPU
	EndGlobalSection
	GlobalSection(ProjectConfigurationPlatforms) = postSolution
		{7DC768C8-B0C1-4CC6-B87E-44ABD7ADA09E}.Debug|Any CPU.ActiveCfg = Debug|Any CPU
		{7DC768C8-B0C1-4CC6-B87E-44ABD7ADA09E}.Debug|Any CPU.Build.0 = Debug|Any CPU
		{7DC768C8-B0C1-4CC6-B87E-44ABD7ADA09E}.Release|Any CPU.ActiveCfg = Release|Any CPU
		{7DC768C8-B0C1-4CC6-B87E-44ABD7ADA09E}.Release|Any CPU.Build.0 = Release|Any CPU
	EndGlobalSection
	GlobalSection(SolutionProperties) = preSolution
		HideSolutionNode = FALSE
	EndGlobalSection
	GlobalSection(ExtensibilityGlobals) = postSolution
		SolutionGuid = {41E7AB29-B355-446A-A264-1A0FCD551642}
	EndGlobalSection
EndGlobal
